# This file is autogenerated, do not edit; changes may be undone by the next 'dep ensure'.


[[projects]]
  branch = "master"
  name = "github.com/hashicorp/errwrap"
  packages = ["."]
  revision = "7554cd9344cec97297fa6649b055a8c98c2a1e55"

[[projects]]
  branch = "master"
  name = "github.com/hashicorp/go-multierror"
  packages = ["."]
  revision = "b7773ae218740a7be65057fc60b366a49b538a44"

[[projects]]
  name = "github.com/kyokomi/emoji"
  packages = ["."]
  revision = "7e06b236c489543f53868841f188a294e3383eab"
  version = "v1.5"

[[projects]]
  branch = "master"
  name = "github.com/logrusorgru/aurora"
  packages = ["."]
  revision = "ca24023cc0175fdf372518cb1c5062cc86db2634"

[[projects]]
  name = "github.com/matthewmueller/joy"
  packages = ["macro"]
  revision = "f2b65b8fd5e29207c3ea307c18bef610585e0668"
  version = "v0.1.6"

[[projects]]
  name = "github.com/mattn/go-colorable"
  packages = ["."]
  revision = "167de6bfdfba052fa6b2d3664c8f5272e23c9072"
  version = "v0.0.9"

[[projects]]
  name = "github.com/mattn/go-isatty"
  packages = ["."]
  revision = "0360b2af4f38e8d38c7fce2a9f4e702702d73a39"
  version = "v0.0.3"

[[projects]]
  name = "github.com/pkg/errors"
  packages = ["."]
  revision = "645ef00459ed84a119197bfb8d8205042c6df63d"
  version = "v0.8.0"

[[projects]]
  name = "github.com/tryy3/joy"
  packages = ["stdlib/strings"]
  revision = "f2b65b8fd5e29207c3ea307c18bef610585e0668"
  version = "v0.1.6"

[[projects]]
  branch = "master"
  name = "golang.org/x/sys"
  packages = ["unix"]
  revision = "1d206c9fa8975fb4cf00df1dc8bf3283dc24ba0e"

[[projects]]
  branch = "v2"
  name = "gopkg.in/mgo.v2"
  packages = [
    "bson",
    "internal/json",
  ]
  revision = "3f83fa5005286a7fe593b055f0d7771a7dce4655"

[solve-meta]
  analyzer-name = "dep"
  analyzer-version = 1
  inputs-digest = "2b23022583b3ca9f9e79cd1c1be0787b7363ff749933b5f9a6f1c9176bef3eda"
  solver-name = "gps-cdcl"
  solver-version = 1
